
Microsoft Visual Studio Solution File, Format Version 12.00
# Visual Studio Version 16
VisualStudioVersion = 16.0.29613.14
MinimumVisualStudioVersion = 10.0.40219.1
Project("{FAE04EC0-301F-11D3-BF4B-00C04F79EFBC}") = "Juste-IFI-toi", "Juste-IFI-toi\Juste-IFI-toi.csproj", "{77BAF9BE-D79B-4C92-909E-9FE7F40C5F4B}"
EndProject
Global
	GlobalSection(SolutionConfigurationPlatforms) = preSolution
		Debug|Any CPU = Debug|Any CPU
		Release|Any CPU = Release|Any CPU
	EndGlobalSection
	GlobalSection(ProjectConfigurationPlatforms) = postSolution
		{77BAF9BE-D79B-4C92-909E-9FE7F40C5F4B}.Debug|Any CPU.ActiveCfg = Debug|Any CPU
		{77BAF9BE-D79B-4C92-909E-9FE7F40C5F4B}.Debug|Any CPU.Build.0 = Debug|Any CPU
		{77BAF9BE-D79B-4C92-909E-9FE7F40C5F4B}.Release|Any CPU.ActiveCfg = Release|Any CPU
		{77BAF9BE-D79B-4C92-909E-9FE7F40C5F4B}.Release|Any CPU.Build.0 = Release|Any CPU
	EndGlobalSection
	GlobalSection(SolutionProperties) = preSolution
		HideSolutionNode = FALSE
	EndGlobalSection
	GlobalSection(ExtensibilityGlobals) = postSolution
		SolutionGuid = {A98A7058-D0F7-4AFE-BC86-AE01DFF8D18A}
	EndGlobalSection
EndGlobal
